
Microsoft Visual Studio Solution File, Format Version 12.00
# Visual Studio 14
VisualStudioVersion = 14.0.25420.1
MinimumVisualStudioVersion = 10.0.40219.1
Project("{FAE04EC0-301F-11D3-BF4B-00C04F79EFBC}") = "SCRQUCRSG.UI", "SCRQUCRSG.UI\SCRQUCRSG.UI.csproj", "{5CD08FE8-E676-4243-B891-37739188D6B1}"
EndProject
Project("{FAE04EC0-301F-11D3-BF4B-00C04F79EFBC}") = "SCRQUCRSG.ACCESOADATOS", "SCRQUCRSG.ACCESOADATOS\SCRQUCRSG.ACCESOADATOS.csproj", "{694F74EA-003A-4070-BAEC-796D996491A0}"
EndProject
Project("{FAE04EC0-301F-11D3-BF4B-00C04F79EFBC}") = "SCRQUCRSG.MODEL", "SCRQUCRSG.MODEL\SCRQUCRSG.MODEL.csproj", "{3F39C659-9E92-4FD1-9A38-6B3C387E11F6}"
EndProject
Global
	GlobalSection(SolutionConfigurationPlatforms) = preSolution
		Debug|Any CPU = Debug|Any CPU
		Release|Any CPU = Release|Any CPU
	EndGlobalSection
	GlobalSection(ProjectConfigurationPlatforms) = postSolution
		{5CD08FE8-E676-4243-B891-37739188D6B1}.Debug|Any CPU.ActiveCfg = Debug|Any CPU
		{5CD08FE8-E676-4243-B891-37739188D6B1}.Debug|Any CPU.Build.0 = Debug|Any CPU
		{5CD08FE8-E676-4243-B891-37739188D6B1}.Release|Any CPU.ActiveCfg = Release|Any CPU
		{5CD08FE8-E676-4243-B891-37739188D6B1}.Release|Any CPU.Build.0 = Release|Any CPU
		{694F74EA-003A-4070-BAEC-796D996491A0}.Debug|Any CPU.ActiveCfg = Debug|Any CPU
		{694F74EA-003A-4070-BAEC-796D996491A0}.Debug|Any CPU.Build.0 = Debug|Any CPU
		{694F74EA-003A-4070-BAEC-796D996491A0}.Release|Any CPU.ActiveCfg = Release|Any CPU
		{694F74EA-003A-4070-BAEC-796D996491A0}.Release|Any CPU.Build.0 = Release|Any CPU
		{3F39C659-9E92-4FD1-9A38-6B3C387E11F6}.Debug|Any CPU.ActiveCfg = Debug|Any CPU
		{3F39C659-9E92-4FD1-9A38-6B3C387E11F6}.Debug|Any CPU.Build.0 = Debug|Any CPU
		{3F39C659-9E92-4FD1-9A38-6B3C387E11F6}.Release|Any CPU.ActiveCfg = Release|Any CPU
		{3F39C659-9E92-4FD1-9A38-6B3C387E11F6}.Release|Any CPU.Build.0 = Release|Any CPU
	EndGlobalSection
	GlobalSection(SolutionProperties) = preSolution
		HideSolutionNode = FALSE
	EndGlobalSection
EndGlobal
